
Microsoft Visual Studio Solution File, Format Version 12.00
# Visual Studio Version 17
VisualStudioVersion = 17.14.36616.10 d17.14
MinimumVisualStudioVersion = 10.0.40219.1
Project("{FAE04EC0-301F-11D3-BF4B-00C04F79EFBC}") = "ModelFirst", "ModelFirst.csproj", "{D3768674-2C3C-4243-A258-27B2FCD7F556}"
EndProject
Global
	GlobalSection(SolutionConfigurationPlatforms) = preSolution
		Debug|Any CPU = Debug|Any CPU
		Release|Any CPU = Release|Any CPU
	EndGlobalSection
	GlobalSection(ProjectConfigurationPlatforms) = postSolution
		{D3768674-2C3C-4243-A258-27B2FCD7F556}.Debug|Any CPU.ActiveCfg = Debug|Any CPU
		{D3768674-2C3C-4243-A258-27B2FCD7F556}.Debug|Any CPU.Build.0 = Debug|Any CPU
		{D3768674-2C3C-4243-A258-27B2FCD7F556}.Release|Any CPU.ActiveCfg = Release|Any CPU
		{D3768674-2C3C-4243-A258-27B2FCD7F556}.Release|Any CPU.Build.0 = Release|Any CPU
	EndGlobalSection
	GlobalSection(SolutionProperties) = preSolution
		HideSolutionNode = FALSE
	EndGlobalSection
	GlobalSection(ExtensibilityGlobals) = postSolution
		SolutionGuid = {7F14E714-632C-4122-B561-AB2ECE70F61B}
	EndGlobalSection
EndGlobal
