
Microsoft Visual Studio Solution File, Format Version 12.00
# Visual Studio Version 17
VisualStudioVersion = 17.14.36616.10 d17.14
MinimumVisualStudioVersion = 10.0.40219.1
Project("{FAE04EC0-301F-11D3-BF4B-00C04F79EFBC}") = "Codefirstpractice", "Codefirstpractice.csproj", "{A08CEB7C-39E7-43EF-BF68-D3A3E1435E65}"
EndProject
Global
	GlobalSection(SolutionConfigurationPlatforms) = preSolution
		Debug|Any CPU = Debug|Any CPU
		Release|Any CPU = Release|Any CPU
	EndGlobalSection
	GlobalSection(ProjectConfigurationPlatforms) = postSolution
		{A08CEB7C-39E7-43EF-BF68-D3A3E1435E65}.Debug|Any CPU.ActiveCfg = Debug|Any CPU
		{A08CEB7C-39E7-43EF-BF68-D3A3E1435E65}.Debug|Any CPU.Build.0 = Debug|Any CPU
		{A08CEB7C-39E7-43EF-BF68-D3A3E1435E65}.Release|Any CPU.ActiveCfg = Release|Any CPU
		{A08CEB7C-39E7-43EF-BF68-D3A3E1435E65}.Release|Any CPU.Build.0 = Release|Any CPU
	EndGlobalSection
	GlobalSection(SolutionProperties) = preSolution
		HideSolutionNode = FALSE
	EndGlobalSection
	GlobalSection(ExtensibilityGlobals) = postSolution
		SolutionGuid = {493F6B59-4C2B-4D96-B9F4-319C90F504B9}
	EndGlobalSection
EndGlobal
